{
  "nodes": {
    "flake-parts": {
      "inputs": {
        "nixpkgs-lib": "nixpkgs-lib"
      },
      "locked": {
        "lastModified": 1706830856,
        "narHash": "sha256-a0NYyp+h9hlb7ddVz4LUn1vT/PLwqfrWYcHMvFB1xYg=",
        "owner": "hercules-ci",
        "repo": "flake-parts",
        "rev": "b253292d9c0a5ead9bc98c4e9a26c6312e27d69f",
        "type": "github"
      },
      "original": {
        "owner": "hercules-ci",
        "repo": "flake-parts",
        "type": "github"
      }
    },
    "home-manager": {
      "inputs": {
        "nixpkgs": [
          "nixpkgs"
        ]
      },
      "locked": {
        "lastModified": 1708294481,
        "narHash": "sha256-DZtxmeb4OR7iCaKUUuq05ADV2rX8WReZEF7Tq//W0+Y=",
        "owner": "nix-community",
        "repo": "home-manager",
        "rev": "a54e05bc12d88ff2df941d0dc1183cb5235fa438",
        "type": "github"
      },
      "original": {
        "owner": "nix-community",
        "repo": "home-manager",
        "type": "github"
      }
    },
    "musnix": {
      "inputs": {
        "nixpkgs": "nixpkgs"
      },
      "locked": {
        "lastModified": 1702456985,
        "narHash": "sha256-mnjCk8mINY4t5uIwP2eR19FOQXHTCO68+KsgKFTv1NI=",
        "owner": "musnix",
        "repo": "musnix",
        "rev": "cf93a72da8ad677864045e9a5dd32170378d9a62",
        "type": "github"
      },
      "original": {
        "owner": "musnix",
        "repo": "musnix",
        "type": "github"
      }
    },
    "nix-gaming": {
      "inputs": {
        "flake-parts": "flake-parts",
        "nixpkgs": "nixpkgs_2"
      },
      "locked": {
        "lastModified": 1708267826,
        "narHash": "sha256-sv5L5iFnXa5wFxMXAEdW7Fcd6dFtAcvDETbKaS7JWZw=",
        "owner": "fufexan",
        "repo": "nix-gaming",
        "rev": "f961c5727fd812c2f0db1425d09ad55b35652587",
        "type": "github"
      },
      "original": {
        "owner": "fufexan",
        "repo": "nix-gaming",
        "type": "github"
      }
    },
    "nixos-hardware": {
      "locked": {
        "lastModified": 1708091350,
        "narHash": "sha256-o28BJYi68qqvHipT7V2jkWxDiMS1LF9nxUsou+eFUPQ=",
        "owner": "nixos",
        "repo": "nixos-hardware",
        "rev": "106d3fec43bcea19cb2e061ca02531d54b542ce3",
        "type": "github"
      },
      "original": {
        "owner": "nixos",
        "repo": "nixos-hardware",
        "type": "github"
      }
    },
    "nixpkgs": {
      "locked": {
        "lastModified": 1690272529,
        "narHash": "sha256-MakzcKXEdv/I4qJUtq/k/eG+rVmyOZLnYNC2w1mB59Y=",
        "owner": "NixOS",
        "repo": "nixpkgs",
        "rev": "ef99fa5c5ed624460217c31ac4271cfb5cb2502c",
        "type": "github"
      },
      "original": {
        "owner": "NixOS",
        "ref": "nixos-unstable",
        "repo": "nixpkgs",
        "type": "github"
      }
    },
    "nixpkgs-lib": {
      "locked": {
        "dir": "lib",
        "lastModified": 1706550542,
        "narHash": "sha256-UcsnCG6wx++23yeER4Hg18CXWbgNpqNXcHIo5/1Y+hc=",
        "owner": "NixOS",
        "repo": "nixpkgs",
        "rev": "97b17f32362e475016f942bbdfda4a4a72a8a652",
        "type": "github"
      },
      "original": {
        "dir": "lib",
        "owner": "NixOS",
        "ref": "nixos-unstable",
        "repo": "nixpkgs",
        "type": "github"
      }
    },
    "nixpkgs_2": {
      "locked": {
        "lastModified": 1708151420,
        "narHash": "sha256-MGT/4aGCWQPQiu6COqJdCj9kSpLPiShgbwpbC38YXC8=",
        "owner": "NixOS",
        "repo": "nixpkgs",
        "rev": "6e2f00c83911461438301db0dba5281197fe4b3a",
        "type": "github"
      },
      "original": {
        "owner": "NixOS",
        "ref": "nixpkgs-unstable",
        "repo": "nixpkgs",
        "type": "github"
      }
    },
    "nixpkgs_3": {
      "locked": {
        "lastModified": 1708118438,
        "narHash": "sha256-kk9/0nuVgA220FcqH/D2xaN6uGyHp/zoxPNUmPCMmEE=",
        "owner": "nixos",
        "repo": "nixpkgs",
        "rev": "5863c27340ba4de8f83e7e3c023b9599c3cb3c80",
        "type": "github"
      },
      "original": {
        "owner": "nixos",
        "ref": "nixos-unstable",
        "repo": "nixpkgs",
        "type": "github"
      }
    },
    "root": {
      "inputs": {
        "home-manager": "home-manager",
        "musnix": "musnix",
        "nix-gaming": "nix-gaming",
        "nixos-hardware": "nixos-hardware",
        "nixpkgs": "nixpkgs_3"
      }
    }
  },
  "root": "root",
  "version": 7
}
